
Microsoft Visual Studio Solution File, Format Version 12.00
# Visual Studio Version 16
VisualStudioVersion = 16.0.31025.194
MinimumVisualStudioVersion = 10.0.40219.1
Project("{FAE04EC0-301F-11D3-BF4B-00C04F79EFBC}") = "tesztverseny", "tesztverseny\tesztverseny.csproj", "{FE6C2B31-5A4A-441D-A5BF-44E0F42CBB08}"
EndProject
Global
	GlobalSection(SolutionConfigurationPlatforms) = preSolution
		Debug|Any CPU = Debug|Any CPU
		Release|Any CPU = Release|Any CPU
	EndGlobalSection
	GlobalSection(ProjectConfigurationPlatforms) = postSolution
		{FE6C2B31-5A4A-441D-A5BF-44E0F42CBB08}.Debug|Any CPU.ActiveCfg = Debug|Any CPU
		{FE6C2B31-5A4A-441D-A5BF-44E0F42CBB08}.Debug|Any CPU.Build.0 = Debug|Any CPU
		{FE6C2B31-5A4A-441D-A5BF-44E0F42CBB08}.Release|Any CPU.ActiveCfg = Release|Any CPU
		{FE6C2B31-5A4A-441D-A5BF-44E0F42CBB08}.Release|Any CPU.Build.0 = Release|Any CPU
	EndGlobalSection
	GlobalSection(SolutionProperties) = preSolution
		HideSolutionNode = FALSE
	EndGlobalSection
	GlobalSection(ExtensibilityGlobals) = postSolution
		SolutionGuid = {AD133C50-4B01-422B-8A83-7F1EB0B810D2}
	EndGlobalSection
EndGlobal
